
Microsoft Visual Studio Solution File, Format Version 11.00
# Visual Studio 2010
Project("{FAE04EC0-301F-11D3-BF4B-00C04F79EFBC}") = "Radar", "Radar.csproj", "{B26AE443-D9AB-402F-A6FC-B843CA07ABFB}"
EndProject
Global
	GlobalSection(SolutionConfigurationPlatforms) = preSolution
		Debug|Any CPU = Debug|Any CPU
		Release|Any CPU = Release|Any CPU
	EndGlobalSection
	GlobalSection(ProjectConfigurationPlatforms) = postSolution
		{B26AE443-D9AB-402F-A6FC-B843CA07ABFB}.Debug|Any CPU.ActiveCfg = Debug|Any CPU
		{B26AE443-D9AB-402F-A6FC-B843CA07ABFB}.Debug|Any CPU.Build.0 = Debug|Any CPU
		{B26AE443-D9AB-402F-A6FC-B843CA07ABFB}.Release|Any CPU.ActiveCfg = Release|Any CPU
		{B26AE443-D9AB-402F-A6FC-B843CA07ABFB}.Release|Any CPU.Build.0 = Release|Any CPU
	EndGlobalSection
	GlobalSection(SolutionProperties) = preSolution
		HideSolutionNode = FALSE
	EndGlobalSection
EndGlobal
